
Microsoft Visual Studio Solution File, Format Version 12.00
# Visual Studio 15
VisualStudioVersion = 15.0.28307.421
MinimumVisualStudioVersion = 10.0.40219.1
Project("{8BC9CEB8-8B4A-11D0-8D11-00A0C91BC942}") = "k2", "k2.vcxproj", "{07569575-EAC5-4786-90DC-5C1B7CD55BE4}"
EndProject
Global
	GlobalSection(SolutionConfigurationPlatforms) = preSolution
		Debug|x64 = Debug|x64
		Debug|x86 = Debug|x86
		Release|x64 = Release|x64
		Release|x86 = Release|x86
	EndGlobalSection
	GlobalSection(ProjectConfigurationPlatforms) = postSolution
		{07569575-EAC5-4786-90DC-5C1B7CD55BE4}.Debug|x64.ActiveCfg = Debug|x64
		{07569575-EAC5-4786-90DC-5C1B7CD55BE4}.Debug|x64.Build.0 = Debug|x64
		{07569575-EAC5-4786-90DC-5C1B7CD55BE4}.Debug|x86.ActiveCfg = Debug|Win32
		{07569575-EAC5-4786-90DC-5C1B7CD55BE4}.Debug|x86.Build.0 = Debug|Win32
		{07569575-EAC5-4786-90DC-5C1B7CD55BE4}.Release|x64.ActiveCfg = Release|x64
		{07569575-EAC5-4786-90DC-5C1B7CD55BE4}.Release|x64.Build.0 = Release|x64
		{07569575-EAC5-4786-90DC-5C1B7CD55BE4}.Release|x86.ActiveCfg = Release|Win32
		{07569575-EAC5-4786-90DC-5C1B7CD55BE4}.Release|x86.Build.0 = Release|Win32
	EndGlobalSection
	GlobalSection(SolutionProperties) = preSolution
		HideSolutionNode = FALSE
	EndGlobalSection
	GlobalSection(ExtensibilityGlobals) = postSolution
		SolutionGuid = {6DCD0C2D-1186-4C31-8E46-ABDD3D8EDAB0}
	EndGlobalSection
EndGlobal
