
Microsoft Visual Studio Solution File, Format Version 12.00
# Visual Studio 15
VisualStudioVersion = 15.0.28010.2019
MinimumVisualStudioVersion = 10.0.40219.1
Project("{8BC9CEB8-8B4A-11D0-8D11-00A0C91BC942}") = "siena", "siena.vcxproj", "{6DA3E8C9-7424-41F6-B325-B0143BDE38CD}"
EndProject
Global
	GlobalSection(SolutionConfigurationPlatforms) = preSolution
		Debug|x64 = Debug|x64
		Debug|x86 = Debug|x86
		Release|x64 = Release|x64
		Release|x86 = Release|x86
	EndGlobalSection
	GlobalSection(ProjectConfigurationPlatforms) = postSolution
		{6DA3E8C9-7424-41F6-B325-B0143BDE38CD}.Debug|x64.ActiveCfg = Debug|x64
		{6DA3E8C9-7424-41F6-B325-B0143BDE38CD}.Debug|x64.Build.0 = Debug|x64
		{6DA3E8C9-7424-41F6-B325-B0143BDE38CD}.Debug|x86.ActiveCfg = Debug|Win32
		{6DA3E8C9-7424-41F6-B325-B0143BDE38CD}.Debug|x86.Build.0 = Debug|Win32
		{6DA3E8C9-7424-41F6-B325-B0143BDE38CD}.Release|x64.ActiveCfg = Release|x64
		{6DA3E8C9-7424-41F6-B325-B0143BDE38CD}.Release|x64.Build.0 = Release|x64
		{6DA3E8C9-7424-41F6-B325-B0143BDE38CD}.Release|x86.ActiveCfg = Release|Win32
		{6DA3E8C9-7424-41F6-B325-B0143BDE38CD}.Release|x86.Build.0 = Release|Win32
	EndGlobalSection
	GlobalSection(SolutionProperties) = preSolution
		HideSolutionNode = FALSE
	EndGlobalSection
	GlobalSection(ExtensibilityGlobals) = postSolution
		SolutionGuid = {52112911-4077-42F4-B11B-4E4C9C1D0B0A}
	EndGlobalSection
EndGlobal
