
Microsoft Visual Studio Solution File, Format Version 12.00
# Visual Studio 15
VisualStudioVersion = 15.0.27703.2042
MinimumVisualStudioVersion = 10.0.40219.1
Project("{8BC9CEB8-8B4A-11D0-8D11-00A0C91BC942}") = "Testas1", "Testas1.vcxproj", "{E090A70C-665A-4B8E-9E58-9E9CD8E75F90}"
EndProject
Global
	GlobalSection(SolutionConfigurationPlatforms) = preSolution
		Debug|x64 = Debug|x64
		Debug|x86 = Debug|x86
		Release|x64 = Release|x64
		Release|x86 = Release|x86
	EndGlobalSection
	GlobalSection(ProjectConfigurationPlatforms) = postSolution
		{E090A70C-665A-4B8E-9E58-9E9CD8E75F90}.Debug|x64.ActiveCfg = Debug|x64
		{E090A70C-665A-4B8E-9E58-9E9CD8E75F90}.Debug|x64.Build.0 = Debug|x64
		{E090A70C-665A-4B8E-9E58-9E9CD8E75F90}.Debug|x86.ActiveCfg = Debug|Win32
		{E090A70C-665A-4B8E-9E58-9E9CD8E75F90}.Debug|x86.Build.0 = Debug|Win32
		{E090A70C-665A-4B8E-9E58-9E9CD8E75F90}.Release|x64.ActiveCfg = Release|x64
		{E090A70C-665A-4B8E-9E58-9E9CD8E75F90}.Release|x64.Build.0 = Release|x64
		{E090A70C-665A-4B8E-9E58-9E9CD8E75F90}.Release|x86.ActiveCfg = Release|Win32
		{E090A70C-665A-4B8E-9E58-9E9CD8E75F90}.Release|x86.Build.0 = Release|Win32
	EndGlobalSection
	GlobalSection(SolutionProperties) = preSolution
		HideSolutionNode = FALSE
	EndGlobalSection
	GlobalSection(ExtensibilityGlobals) = postSolution
		SolutionGuid = {E9E134FB-0F52-4370-8544-C31CF596ADC0}
	EndGlobalSection
EndGlobal
